
Microsoft Visual Studio Solution File, Format Version 12.00
# Visual Studio Version 17
VisualStudioVersion = 17.10.34916.146
MinimumVisualStudioVersion = 10.0.40219.1
Project("{9A19103F-16F7-4668-BE54-9A1E7A4F7556}") = "LibraryPhysicalUnitsChatGPT1jul2024", "LibraryPhysicalUnitsChatGPT1jul2024\LibraryPhysicalUnitsChatGPT1jul2024.csproj", "{D220D24F-2054-4940-8D94-83CFFFFC11B7}"
EndProject
Project("{9A19103F-16F7-4668-BE54-9A1E7A4F7556}") = "LibraryPhysicalUnitsChatGPT1jul2024.Test", "LibraryPhysicalUnitsChatGPT1jul2024.Test\LibraryPhysicalUnitsChatGPT1jul2024.Test.csproj", "{AB769DC3-4B8C-4BA5-B40F-882AABFCF8E7}"
EndProject
Project("{FAE04EC0-301F-11D3-BF4B-00C04F79EFBC}") = "LibraryPhysicalUnitsDeepSeek1jul2024", "LibraryPhysicalUnitsDeepSeek1jul2024\LibraryPhysicalUnitsDeepSeek1jul2024.csproj", "{9C062CBB-C7DC-4BDD-8FBA-E99C85D8E886}"
EndProject
Project("{FAE04EC0-301F-11D3-BF4B-00C04F79EFBC}") = "LibraryPhysicalUnitsDeepSeek1jul2024.Test", "LibraryPhysicalUnitsDeepSeek1jul2024.Test\LibraryPhysicalUnitsDeepSeek1jul2024.Test.csproj", "{1E1CC8C6-D9B9-4C2B-B832-A806AC5FF2E2}"
EndProject
Project("{FAE04EC0-301F-11D3-BF4B-00C04F79EFBC}") = "LibraryPhysicalUnitsOpenChat1jul2024", "LibraryPhysicalUnitsOpenChat1jul2024\LibraryPhysicalUnitsOpenChat1jul2024.csproj", "{C621ECFC-8E79-45B6-A26A-9A125EC990BA}"
EndProject
Project("{FAE04EC0-301F-11D3-BF4B-00C04F79EFBC}") = "LibraryPhysicalUnitsOpenChat1jul2024.Test", "LibraryPhysicalUnitsOpenChat1jul2024.Test\LibraryPhysicalUnitsOpenChat1jul2024.Test.csproj", "{E3178680-1854-44C8-B482-F6D2E327424C}"
EndProject
Project("{FAE04EC0-301F-11D3-BF4B-00C04F79EFBC}") = "LibraryPhysicalUnitsGemini1jul2024", "LibraryPhysicalUnitsGemini1jul2024\LibraryPhysicalUnitsGemini1jul2024.csproj", "{CE2389F5-E512-4DA9-9D11-9B166965C329}"
EndProject
Project("{FAE04EC0-301F-11D3-BF4B-00C04F79EFBC}") = "LibraryPhysicalUnitsGemini1jul2024.Test", "LibraryPhysicalUnitsGemini1jul2024.Test\LibraryPhysicalUnitsGemini1jul2024.Test.csproj", "{DCA547F6-5F65-47C9-9517-87886A15EC73}"
EndProject
Global
	GlobalSection(SolutionConfigurationPlatforms) = preSolution
		Debug|Any CPU = Debug|Any CPU
		Release|Any CPU = Release|Any CPU
	EndGlobalSection
	GlobalSection(ProjectConfigurationPlatforms) = postSolution
		{D220D24F-2054-4940-8D94-83CFFFFC11B7}.Debug|Any CPU.ActiveCfg = Debug|Any CPU
		{D220D24F-2054-4940-8D94-83CFFFFC11B7}.Debug|Any CPU.Build.0 = Debug|Any CPU
		{D220D24F-2054-4940-8D94-83CFFFFC11B7}.Release|Any CPU.ActiveCfg = Release|Any CPU
		{D220D24F-2054-4940-8D94-83CFFFFC11B7}.Release|Any CPU.Build.0 = Release|Any CPU
		{AB769DC3-4B8C-4BA5-B40F-882AABFCF8E7}.Debug|Any CPU.ActiveCfg = Debug|Any CPU
		{AB769DC3-4B8C-4BA5-B40F-882AABFCF8E7}.Debug|Any CPU.Build.0 = Debug|Any CPU
		{AB769DC3-4B8C-4BA5-B40F-882AABFCF8E7}.Release|Any CPU.ActiveCfg = Release|Any CPU
		{AB769DC3-4B8C-4BA5-B40F-882AABFCF8E7}.Release|Any CPU.Build.0 = Release|Any CPU
		{9C062CBB-C7DC-4BDD-8FBA-E99C85D8E886}.Debug|Any CPU.ActiveCfg = Debug|Any CPU
		{9C062CBB-C7DC-4BDD-8FBA-E99C85D8E886}.Debug|Any CPU.Build.0 = Debug|Any CPU
		{9C062CBB-C7DC-4BDD-8FBA-E99C85D8E886}.Release|Any CPU.ActiveCfg = Release|Any CPU
		{9C062CBB-C7DC-4BDD-8FBA-E99C85D8E886}.Release|Any CPU.Build.0 = Release|Any CPU
		{1E1CC8C6-D9B9-4C2B-B832-A806AC5FF2E2}.Debug|Any CPU.ActiveCfg = Debug|Any CPU
		{1E1CC8C6-D9B9-4C2B-B832-A806AC5FF2E2}.Debug|Any CPU.Build.0 = Debug|Any CPU
		{1E1CC8C6-D9B9-4C2B-B832-A806AC5FF2E2}.Release|Any CPU.ActiveCfg = Release|Any CPU
		{1E1CC8C6-D9B9-4C2B-B832-A806AC5FF2E2}.Release|Any CPU.Build.0 = Release|Any CPU
		{C621ECFC-8E79-45B6-A26A-9A125EC990BA}.Debug|Any CPU.ActiveCfg = Debug|Any CPU
		{C621ECFC-8E79-45B6-A26A-9A125EC990BA}.Debug|Any CPU.Build.0 = Debug|Any CPU
		{C621ECFC-8E79-45B6-A26A-9A125EC990BA}.Release|Any CPU.ActiveCfg = Release|Any CPU
		{C621ECFC-8E79-45B6-A26A-9A125EC990BA}.Release|Any CPU.Build.0 = Release|Any CPU
		{E3178680-1854-44C8-B482-F6D2E327424C}.Debug|Any CPU.ActiveCfg = Debug|Any CPU
		{E3178680-1854-44C8-B482-F6D2E327424C}.Debug|Any CPU.Build.0 = Debug|Any CPU
		{E3178680-1854-44C8-B482-F6D2E327424C}.Release|Any CPU.ActiveCfg = Release|Any CPU
		{E3178680-1854-44C8-B482-F6D2E327424C}.Release|Any CPU.Build.0 = Release|Any CPU
		{CE2389F5-E512-4DA9-9D11-9B166965C329}.Debug|Any CPU.ActiveCfg = Debug|Any CPU
		{CE2389F5-E512-4DA9-9D11-9B166965C329}.Debug|Any CPU.Build.0 = Debug|Any CPU
		{CE2389F5-E512-4DA9-9D11-9B166965C329}.Release|Any CPU.ActiveCfg = Release|Any CPU
		{CE2389F5-E512-4DA9-9D11-9B166965C329}.Release|Any CPU.Build.0 = Release|Any CPU
		{DCA547F6-5F65-47C9-9517-87886A15EC73}.Debug|Any CPU.ActiveCfg = Debug|Any CPU
		{DCA547F6-5F65-47C9-9517-87886A15EC73}.Debug|Any CPU.Build.0 = Debug|Any CPU
		{DCA547F6-5F65-47C9-9517-87886A15EC73}.Release|Any CPU.ActiveCfg = Release|Any CPU
		{DCA547F6-5F65-47C9-9517-87886A15EC73}.Release|Any CPU.Build.0 = Release|Any CPU
	EndGlobalSection
	GlobalSection(SolutionProperties) = preSolution
		HideSolutionNode = FALSE
	EndGlobalSection
	GlobalSection(ExtensibilityGlobals) = postSolution
		SolutionGuid = {353B8905-0514-4CFF-A5A6-3AB4B8B7F214}
	EndGlobalSection
EndGlobal
